// !$*UTF8*$!
{
	archiveVersion = 1;
	classes = {
	};
	objectVersion = 50;
	objects = {

/* Begin PBXBuildFile section */
		7BDCD55D26B04E7600789894 /* AppDelegate.m in Sources */ = {isa = PBXBuildFile; fileRef = 7BDCD55C26B04E7600789894 /* AppDelegate.m */; };
		7BDCD56026B04E7600789894 /* SceneDelegate.m in Sources */ = {isa = PBXBuildFile; fileRef = 7BDCD55F26B04E7600789894 /* SceneDelegate.m */; };
		7BDCD56326B04E7600789894 /* ViewController.m in Sources */ = {isa = PBXBuildFile; fileRef = 7BDCD56226B04E7600789894 /* ViewController.m */; };
		7BDCD56626B04E7600789894 /* Main.storyboard in Resources */ = {isa = PBXBuildFile; fileRef = 7BDCD56426B04E7600789894 /* Main.storyboard */; };
		7BDCD56826B04E7900789894 /* Assets.xcassets in Resources */ = {isa = PBXBuildFile; fileRef = 7BDCD56726B04E7900789894 /* Assets.xcassets */; };
		7BDCD56B26B04E7900789894 /* LaunchScreen.storyboard in Resources */ = {isa = PBXBuildFile; fileRef = 7BDCD56926B04E7900789894 /* LaunchScreen.storyboard */; };
		7BDCD56E26B04E7900789894 /* main.m in Sources */ = {isa = PBXBuildFile; fileRef = 7BDCD56D26B04E7900789894 /* main.m */; };
		7BDCD57826B04E7900789894 /* DesignModeOCTests.m in Sources */ = {isa = PBXBuildFile; fileRef = 7BDCD57726B04E7900789894 /* DesignModeOCTests.m */; };
		7BDCD58326B04E7900789894 /* DesignModeOCUITests.m in Sources */ = {isa = PBXBuildFile; fileRef = 7BDCD58226B04E7900789894 /* DesignModeOCUITests.m */; };
/* End PBXBuildFile section */

/* Begin PBXContainerItemProxy section */
		7BDCD57426B04E7900789894 /* PBXContainerItemProxy */ = {
			isa = PBXContainerItemProxy;
			containerPortal = 7BDCD55026B04E7600789894 /* Project object */;
			proxyType = 1;
			remoteGlobalIDString = 7BDCD55726B04E7600789894;
			remoteInfo = DesignModeOC;
		};
		7BDCD57F26B04E7900789894 /* PBXContainerItemProxy */ = {
			isa = PBXContainerItemProxy;
			containerPortal = 7BDCD55026B04E7600789894 /* Project object */;
			proxyType = 1;
			remoteGlobalIDString = 7BDCD55726B04E7600789894;
			remoteInfo = DesignModeOC;
		};
/* End PBXContainerItemProxy section */

/* Begin PBXFileReference section */
		7BDCD55826B04E7600789894 /* DesignModeOC.app */ = {isa = PBXFileReference; explicitFileType = wrapper.application; includeInIndex = 0; path = DesignModeOC.app; sourceTree = BUILT_PRODUCTS_DIR; };
		7BDCD55B26B04E7600789894 /* AppDelegate.h */ = {isa = PBXFileReference; lastKnownFileType = sourcecode.c.h; path = AppDelegate.h; sourceTree = "<group>"; };
		7BDCD55C26B04E7600789894 /* AppDelegate.m */ = {isa = PBXFileReference; lastKnownFileType = sourcecode.c.objc; path = AppDelegate.m; sourceTree = "<group>"; };
		7BDCD55E26B04E7600789894 /* SceneDelegate.h */ = {isa = PBXFileReference; lastKnownFileType = sourcecode.c.h; path = SceneDelegate.h; sourceTree = "<group>"; };
		7BDCD55F26B04E7600789894 /* SceneDelegate.m */ = {isa = PBXFileReference; lastKnownFileType = sourcecode.c.objc; path = SceneDelegate.m; sourceTree = "<group>"; };
		7BDCD56126B04E7600789894 /* ViewController.h */ = {isa = PBXFileReference; lastKnownFileType = sourcecode.c.h; path = ViewController.h; sourceTree = "<group>"; };
		7BDCD56226B04E7600789894 /* ViewController.m */ = {isa = PBXFileReference; lastKnownFileType = sourcecode.c.objc; path = ViewController.m; sourceTree = "<group>"; };
		7BDCD56526B04E7600789894 /* Base */ = {isa = PBXFileReference; lastKnownFileType = file.storyboard; name = Base; path = Base.lproj/Main.storyboard; sourceTree = "<group>"; };
		7BDCD56726B04E7900789894 /* Assets.xcassets */ = {isa = PBXFileReference; lastKnownFileType = folder.assetcatalog; path = Assets.xcassets; sourceTree = "<group>"; };
		7BDCD56A26B04E7900789894 /* Base */ = {isa = PBXFileReference; lastKnownFileType = file.storyboard; name = Base; path = Base.lproj/LaunchScreen.storyboard; sourceTree = "<group>"; };
		7BDCD56C26B04E7900789894 /* Info.plist */ = {isa = PBXFileReference; lastKnownFileType = text.plist.xml; path = Info.plist; sourceTree = "<group>"; };
		7BDCD56D26B04E7900789894 /* main.m */ = {isa = PBXFileReference; lastKnownFileType = sourcecode.c.objc; path = main.m; sourceTree = "<group>"; };
		7BDCD57326B04E7900789894 /* DesignModeOCTests.xctest */ = {isa = PBXFileReference; explicitFileType = wrapper.cfbundle; includeInIndex = 0; path = DesignModeOCTests.xctest; sourceTree = BUILT_PRODUCTS_DIR; };
		7BDCD57726B04E7900789894 /* DesignModeOCTests.m */ = {isa = PBXFileReference; lastKnownFileType = sourcecode.c.objc; path = DesignModeOCTests.m; sourceTree = "<group>"; };
		7BDCD57926B04E7900789894 /* Info.plist */ = {isa = PBXFileReference; lastKnownFileType = text.plist.xml; path = Info.plist; sourceTree = "<group>"; };
		7BDCD57E26B04E7900789894 /* DesignModeOCUITests.xctest */ = {isa = PBXFileReference; explicitFileType = wrapper.cfbundle; includeInIndex = 0; path = DesignModeOCUITests.xctest; sourceTree = BUILT_PRODUCTS_DIR; };
		7BDCD58226B04E7900789894 /* DesignModeOCUITests.m */ = {isa = PBXFileReference; lastKnownFileType = sourcecode.c.objc; path = DesignModeOCUITests.m; sourceTree = "<group>"; };
		7BDCD58426B04E7900789894 /* Info.plist */ = {isa = PBXFileReference; lastKnownFileType = text.plist.xml; path = Info.plist; sourceTree = "<group>"; };
/* End PBXFileReference section */

/* Begin PBXFrameworksBuildPhase section */
		7BDCD55526B04E7600789894 /* Frameworks */ = {
			isa = PBXFrameworksBuildPhase;
			buildActionMask = 2147483647;
			files = (
			);
			runOnlyForDeploymentPostprocessing = 0;
		};
		7BDCD57026B04E7900789894 /* Frameworks */ = {
			isa = PBXFrameworksBuildPhase;
			buildActionMask = 2147483647;
			files = (
			);
			runOnlyForDeploymentPostprocessing = 0;
		};
		7BDCD57B26B04E7900789894 /* Frameworks */ = {
			isa = PBXFrameworksBuildPhase;
			buildActionMask = 2147483647;
			files = (
			);
			runOnlyForDeploymentPostprocessing = 0;
		};
/* End PBXFrameworksBuildPhase section */

/* Begin PBXGroup section */
		7BDCD54F26B04E7600789894 = {
			isa = PBXGroup;
			children = (
				7BDCD55A26B04E7600789894 /* DesignModeOC */,
				7BDCD57626B04E7900789894 /* DesignModeOCTests */,
				7BDCD58126B04E7900789894 /* DesignModeOCUITests */,
				7BDCD55926B04E7600789894 /* Products */,
			);
			sourceTree = "<group>";
		};
		7BDCD55926B04E7600789894 /* Products */ = {
			isa = PBXGroup;
			children = (
				7BDCD55826B04E7600789894 /* DesignModeOC.app */,
				7BDCD57326B04E7900789894 /* DesignModeOCTests.xctest */,
				7BDCD57E26B04E7900789894 /* DesignModeOCUITests.xctest */,
			);
			name = Products;
			sourceTree = "<group>";
		};
		7BDCD55A26B04E7600789894 /* DesignModeOC */ = {
			isa = PBXGroup;
			children = (
				7BDCD55B26B04E7600789894 /* AppDelegate.h */,
				7BDCD55C26B04E7600789894 /* AppDelegate.m */,
				7BDCD55E26B04E7600789894 /* SceneDelegate.h */,
				7BDCD55F26B04E7600789894 /* SceneDelegate.m */,
				7BDCD56126B04E7600789894 /* ViewController.h */,
				7BDCD56226B04E7600789894 /* ViewController.m */,
				7BDCD56426B04E7600789894 /* Main.storyboard */,
				7BDCD56726B04E7900789894 /* Assets.xcassets */,
				7BDCD56926B04E7900789894 /* LaunchScreen.storyboard */,
				7BDCD56C26B04E7900789894 /* Info.plist */,
				7BDCD56D26B04E7900789894 /* main.m */,
			);
			path = DesignModeOC;
			sourceTree = "<group>";
		};
		7BDCD57626B04E7900789894 /* DesignModeOCTests */ = {
			isa = PBXGroup;
			children = (
				7BDCD57726B04E7900789894 /* DesignModeOCTests.m */,
				7BDCD57926B04E7900789894 /* Info.plist */,
			);
			path = DesignModeOCTests;
			sourceTree = "<group>";
		};
		7BDCD58126B04E7900789894 /* DesignModeOCUITests */ = {
			isa = PBXGroup;
			children = (
				7BDCD58226B04E7900789894 /* DesignModeOCUITests.m */,
				7BDCD58426B04E7900789894 /* Info.plist */,
			);
			path = DesignModeOCUITests;
			sourceTree = "<group>";
		};
/* End PBXGroup section */

/* Begin PBXNativeTarget section */
		7BDCD55726B04E7600789894 /* DesignModeOC */ = {
			isa = PBXNativeTarget;
			buildConfigurationList = 7BDCD58726B04E7900789894 /* Build configuration list for PBXNativeTarget "DesignModeOC" */;
			buildPhases = (
				7BDCD55426B04E7600789894 /* Sources */,
				7BDCD55526B04E7600789894 /* Frameworks */,
				7BDCD55626B04E7600789894 /* Resources */,
			);
			buildRules = (
			);
			dependencies = (
			);
			name = DesignModeOC;
			productName = DesignModeOC;
			productReference = 7BDCD55826B04E7600789894 /* DesignModeOC.app */;
			productType = "com.apple.product-type.application";
		};
		7BDCD57226B04E7900789894 /* DesignModeOCTests */ = {
			isa = PBXNativeTarget;
			buildConfigurationList = 7BDCD58A26B04E7900789894 /* Build configuration list for PBXNativeTarget "DesignModeOCTests" */;
			buildPhases = (
				7BDCD56F26B04E7900789894 /* Sources */,
				7BDCD57026B04E7900789894 /* Frameworks */,
				7BDCD57126B04E7900789894 /* Resources */,
			);
			buildRules = (
			);
			dependencies = (
				7BDCD57526B04E7900789894 /* PBXTargetDependency */,
			);
			name = DesignModeOCTests;
			productName = DesignModeOCTests;
			productReference = 7BDCD57326B04E7900789894 /* DesignModeOCTests.xctest */;
			productType = "com.apple.product-type.bundle.unit-test";
		};
		7BDCD57D26B04E7900789894 /* DesignModeOCUITests */ = {
			isa = PBXNativeTarget;
			buildConfigurationList = 7BDCD58D26B04E7900789894 /* Build configuration list for PBXNativeTarget "DesignModeOCUITests" */;
			buildPhases = (
				7BDCD57A26B04E7900789894 /* Sources */,
				7BDCD57B26B04E7900789894 /* Frameworks */,
				7BDCD57C26B04E7900789894 /* Resources */,
			);
			buildRules = (
			);
			dependencies = (
				7BDCD58026B04E7900789894 /* PBXTargetDependency */,
			);
			name = DesignModeOCUITests;
			productName = DesignModeOCUITests;
			productReference = 7BDCD57E26B04E7900789894 /* DesignModeOCUITests.xctest */;
			productType = "com.apple.product-type.bundle.ui-testing";
		};
/* End PBXNativeTarget section */

/* Begin PBXProject section */
		7BDCD55026B04E7600789894 /* Project object */ = {
			isa = PBXProject;
			attributes = {
				LastUpgradeCheck = 1230;
				TargetAttributes = {
					7BDCD55726B04E7600789894 = {
						CreatedOnToolsVersion = 12.3;
					};
					7BDCD57226B04E7900789894 = {
						CreatedOnToolsVersion = 12.3;
						TestTargetID = 7BDCD55726B04E7600789894;
					};
					7BDCD57D26B04E7900789894 = {
						CreatedOnToolsVersion = 12.3;
						TestTargetID = 7BDCD55726B04E7600789894;
					};
				};
			};
			buildConfigurationList = 7BDCD55326B04E7600789894 /* Build configuration list for PBXProject "DesignModeOC" */;
			compatibilityVersion = "Xcode 9.3";
			developmentRegion = en;
			hasScannedForEncodings = 0;
			knownRegions = (
				en,
				Base,
			);
			mainGroup = 7BDCD54F26B04E7600789894;
			productRefGroup = 7BDCD55926B04E7600789894 /* Products */;
			projectDirPath = "";
			projectRoot = "";
			targets = (
				7BDCD55726B04E7600789894 /* DesignModeOC */,
				7BDCD57226B04E7900789894 /* DesignModeOCTests */,
				7BDCD57D26B04E7900789894 /* DesignModeOCUITests */,
			);
		};
/* End PBXProject section */

/* Begin PBXResourcesBuildPhase section */
		7BDCD55626B04E7600789894 /* Resources */ = {
			isa = PBXResourcesBuildPhase;
			buildActionMask = 2147483647;
			files = (
				7BDCD56B26B04E7900789894 /* LaunchScreen.storyboard in Resources */,
				7BDCD56826B04E7900789894 /* Assets.xcassets in Resources */,
				7BDCD56626B04E7600789894 /* Main.storyboard in Resources */,
			);
			runOnlyForDeploymentPostprocessing = 0;
		};
		7BDCD57126B04E7900789894 /* Resources */ = {
			isa = PBXResourcesBuildPhase;
			buildActionMask = 2147483647;
			files = (
			);
			runOnlyForDeploymentPostprocessing = 0;
		};
		7BDCD57C26B04E7900789894 /* Resources */ = {
			isa = PBXResourcesBuildPhase;
			buildActionMask = 2147483647;
			files = (
			);
			runOnlyForDeploymentPostprocessing = 0;
		};
/* End PBXResourcesBuildPhase section */

/* Begin PBXSourcesBuildPhase section */
		7BDCD55426B04E7600789894 /* Sources */ = {
			isa = PBXSourcesBuildPhase;
			buildActionMask = 2147483647;
			files = (
				7BDCD56326B04E7600789894 /* ViewController.m in Sources */,
				7BDCD55D26B04E7600789894 /* AppDelegate.m in Sources */,
				7BDCD56E26B04E7900789894 /* main.m in Sources */,
				7BDCD56026B04E7600789894 /* SceneDelegate.m in Sources */,
			);
			runOnlyForDeploymentPostprocessing = 0;
		};
		7BDCD56F26B04E7900789894 /* Sources */ = {
			isa = PBXSourcesBuildPhase;
			buildActionMask = 2147483647;
			files = (
				7BDCD57826B04E7900789894 /* DesignModeOCTests.m in Sources */,
			);
			runOnlyForDeploymentPostprocessing = 0;
		};
		7BDCD57A26B04E7900789894 /* Sources */ = {
			isa = PBXSourcesBuildPhase;
			buildActionMask = 2147483647;
			files = (
				7BDCD58326B04E7900789894 /* DesignModeOCUITests.m in Sources */,
			);
			runOnlyForDeploymentPostprocessing = 0;
		};
/* End PBXSourcesBuildPhase section */

/* Begin PBXTargetDependency section */
		7BDCD57526B04E7900789894 /* PBXTargetDependency */ = {
			isa = PBXTargetDependency;
			target = 7BDCD55726B04E7600789894 /* DesignModeOC */;
			targetProxy = 7BDCD57426B04E7900789894 /* PBXContainerItemProxy */;
		};
		7BDCD58026B04E7900789894 /* PBXTargetDependency */ = {
			isa = PBXTargetDependency;
			target = 7BDCD55726B04E7600789894 /* DesignModeOC */;
			targetProxy = 7BDCD57F26B04E7900789894 /* PBXContainerItemProxy */;
		};
/* End PBXTargetDependency section */

/* Begin PBXVariantGroup section */
		7BDCD56426B04E7600789894 /* Main.storyboard */ = {
			isa = PBXVariantGroup;
			children = (
				7BDCD56526B04E7600789894 /* Base */,
			);
			name = Main.storyboard;
			sourceTree = "<group>";
		};
		7BDCD56926B04E7900789894 /* LaunchScreen.storyboard */ = {
			isa = PBXVariantGroup;
			children = (
				7BDCD56A26B04E7900789894 /* Base */,
			);
			name = LaunchScreen.storyboard;
			sourceTree = "<group>";
		};
/* End PBXVariantGroup section */

/* Begin XCBuildConfiguration section */
		7BDCD58526B04E7900789894 /* Debug */ = {
			isa = XCBuildConfiguration;
			buildSettings = {
				ALWAYS_SEARCH_USER_PATHS = NO;
				CLANG_ANALYZER_NONNULL = YES;
				CLANG_ANALYZER_NUMBER_OBJECT_CONVERSION = YES_AGGRESSIVE;
				CLANG_CXX_LANGUAGE_STANDARD = "gnu++14";
				CLANG_CXX_LIBRARY = "libc++";
				CLANG_ENABLE_MODULES = YES;
				CLANG_ENABLE_OBJC_ARC = YES;
				CLANG_ENABLE_OBJC_WEAK = YES;
				CLANG_WARN_BLOCK_CAPTURE_AUTORELEASING = YES;
				CLANG_WARN_BOOL_CONVERSION = YES;
				CLANG_WARN_COMMA = YES;
				CLANG_WARN_CONSTANT_CONVERSION = YES;
				CLANG_WARN_DEPRECATED_OBJC_IMPLEMENTATIONS = YES;
				CLANG_WARN_DIRECT_OBJC_ISA_USAGE = YES_ERROR;
				CLANG_WARN_DOCUMENTATION_COMMENTS = YES;
				CLANG_WARN_EMPTY_BODY = YES;
				CLANG_WARN_ENUM_CONVERSION = YES;
				CLANG_WARN_INFINITE_RECURSION = YES;
				CLANG_WARN_INT_CONVERSION = YES;
				CLANG_WARN_NON_LITERAL_NULL_CONVERSION = YES;
				CLANG_WARN_OBJC_IMPLICIT_RETAIN_SELF = YES;
				CLANG_WARN_OBJC_LITERAL_CONVERSION = YES;
				CLANG_WARN_OBJC_ROOT_CLASS = YES_ERROR;
				CLANG_WARN_QUOTED_INCLUDE_IN_FRAMEWORK_HEADER = YES;
				CLANG_WARN_RANGE_LOOP_ANALYSIS = YES;
				CLANG_WARN_STRICT_PROTOTYPES = YES;
				CLANG_WARN_SUSPICIOUS_MOVE = YES;
				CLANG_WARN_UNGUARDED_AVAILABILITY = YES_AGGRESSIVE;
				CLANG_WARN_UNREACHABLE_CODE = YES;
				CLANG_WARN__DUPLICATE_METHOD_MATCH = YES;
				COPY_PHASE_STRIP = NO;
				DEBUG_INFORMATION_FORMAT = dwarf;
				ENABLE_STRICT_OBJC_MSGSEND = YES;
				ENABLE_TESTABILITY = YES;
				GCC_C_LANGUAGE_STANDARD = gnu11;
				GCC_DYNAMIC_NO_PIC = NO;
				GCC_NO_COMMON_BLOCKS = YES;
				GCC_OPTIMIZATION_LEVEL = 0;
				GCC_PREPROCESSOR_DEFINITIONS = (
					"DEBUG=1",
					"$(inherited)",
				);
				GCC_WARN_64_TO_32_BIT_CONVERSION = YES;
				GCC_WARN_ABOUT_RETURN_TYPE = YES_ERROR;
				GCC_WARN_UNDECLARED_SELECTOR = YES;
				GCC_WARN_UNINITIALIZED_AUTOS = YES_AGGRESSIVE;
				GCC_WARN_UNUSED_FUNCTION = YES;
				GCC_WARN_UNUSED_VARIABLE = YES;
				IPHONEOS_DEPLOYMENT_TARGET = 14.3;
				MTL_ENABLE_DEBUG_INFO = INCLUDE_SOURCE;
				MTL_FAST_MATH = YES;
				ONLY_ACTIVE_ARCH = YES;
				SDKROOT = iphoneos;
			};
			name = Debug;
		};
		7BDCD58626B04E7900789894 /* Release */ = {
			isa = XCBuildConfiguration;
			buildSettings = {
				ALWAYS_SEARCH_USER_PATHS = NO;
				CLANG_ANALYZER_NONNULL = YES;
				CLANG_ANALYZER_NUMBER_OBJECT_CONVERSION = YES_AGGRESSIVE;
				CLANG_CXX_LANGUAGE_STANDARD = "gnu++14";
				CLANG_CXX_LIBRARY = "libc++";
				CLANG_ENABLE_MODULES = YES;
				CLANG_ENABLE_OBJC_ARC = YES;
				CLANG_ENABLE_OBJC_WEAK = YES;
				CLANG_WARN_BLOCK_CAPTURE_AUTORELEASING = YES;
				CLANG_WARN_BOOL_CONVERSION = YES;
				CLANG_WARN_COMMA = YES;
				CLANG_WARN_CONSTANT_CONVERSION = YES;
				CLANG_WARN_DEPRECATED_OBJC_IMPLEMENTATIONS = YES;
				CLANG_WARN_DIRECT_OBJC_ISA_USAGE = YES_ERROR;
				CLANG_WARN_DOCUMENTATION_COMMENTS = YES;
				CLANG_WARN_EMPTY_BODY = YES;
				CLANG_WARN_ENUM_CONVERSION = YES;
				CLANG_WARN_INFINITE_RECURSION = YES;
				CLANG_WARN_INT_CONVERSION = YES;
				CLANG_WARN_NON_LITERAL_NULL_CONVERSION = YES;
				CLANG_WARN_OBJC_IMPLICIT_RETAIN_SELF = YES;
				CLANG_WARN_OBJC_LITERAL_CONVERSION = YES;
				CLANG_WARN_OBJC_ROOT_CLASS = YES_ERROR;
				CLANG_WARN_QUOTED_INCLUDE_IN_FRAMEWORK_HEADER = YES;
				CLANG_WARN_RANGE_LOOP_ANALYSIS = YES;
				CLANG_WARN_STRICT_PROTOTYPES = YES;
				CLANG_WARN_SUSPICIOUS_MOVE = YES;
				CLANG_WARN_UNGUARDED_AVAILABILITY = YES_AGGRESSIVE;
				CLANG_WARN_UNREACHABLE_CODE = YES;
				CLANG_WARN__DUPLICATE_METHOD_MATCH = YES;
				COPY_PHASE_STRIP = NO;
				DEBUG_INFORMATION_FORMAT = "dwarf-with-dsym";
				ENABLE_NS_ASSERTIONS = NO;
				ENABLE_STRICT_OBJC_MSGSEND = YES;
				GCC_C_LANGUAGE_STANDARD = gnu11;
				GCC_NO_COMMON_BLOCKS = YES;
				GCC_WARN_64_TO_32_BIT_CONVERSION = YES;
				GCC_WARN_ABOUT_RETURN_TYPE = YES_ERROR;
				GCC_WARN_UNDECLARED_SELECTOR = YES;
				GCC_WARN_UNINITIALIZED_AUTOS = YES_AGGRESSIVE;
				GCC_WARN_UNUSED_FUNCTION = YES;
				GCC_WARN_UNUSED_VARIABLE = YES;
				IPHONEOS_DEPLOYMENT_TARGET = 14.3;
				MTL_ENABLE_DEBUG_INFO = NO;
				MTL_FAST_MATH = YES;
				SDKROOT = iphoneos;
				VALIDATE_PRODUCT = YES;
			};
			name = Release;
		};
		7BDCD58826B04E7900789894 /* Debug */ = {
			isa = XCBuildConfiguration;
			buildSettings = {
				ASSETCATALOG_COMPILER_APPICON_NAME = AppIcon;
				ASSETCATALOG_COMPILER_GLOBAL_ACCENT_COLOR_NAME = AccentColor;
				CODE_SIGN_STYLE = Automatic;
				DEVELOPMENT_TEAM = Q5N2E7RPFN;
				INFOPLIST_FILE = DesignModeOC/Info.plist;
				LD_RUNPATH_SEARCH_PATHS = (
					"$(inherited)",
					"@executable_path/Frameworks",
				);
				PRODUCT_BUNDLE_IDENTIFIER = deliin.meng.DesignModeOC;
				PRODUCT_NAME = "$(TARGET_NAME)";
				TARGETED_DEVICE_FAMILY = "1,2";
			};
			name = Debug;
		};
		7BDCD58926B04E7900789894 /* Release */ = {
			isa = XCBuildConfiguration;
			buildSettings = {
				ASSETCATALOG_COMPILER_APPICON_NAME = AppIcon;
				ASSETCATALOG_COMPILER_GLOBAL_ACCENT_COLOR_NAME = AccentColor;
				CODE_SIGN_STYLE = Automatic;
				DEVELOPMENT_TEAM = Q5N2E7RPFN;
				INFOPLIST_FILE = DesignModeOC/Info.plist;
				LD_RUNPATH_SEARCH_PATHS = (
					"$(inherited)",
					"@executable_path/Frameworks",
				);
				PRODUCT_BUNDLE_IDENTIFIER = deliin.meng.DesignModeOC;
				PRODUCT_NAME = "$(TARGET_NAME)";
				TARGETED_DEVICE_FAMILY = "1,2";
			};
			name = Release;
		};
		7BDCD58B26B04E7900789894 /* Debug */ = {
			isa = XCBuildConfiguration;
			buildSettings = {
				BUNDLE_LOADER = "$(TEST_HOST)";
				CODE_SIGN_STYLE = Automatic;
				DEVELOPMENT_TEAM = Q5N2E7RPFN;
				INFOPLIST_FILE = DesignModeOCTests/Info.plist;
				IPHONEOS_DEPLOYMENT_TARGET = 14.3;
				LD_RUNPATH_SEARCH_PATHS = (
					"$(inherited)",
					"@executable_path/Frameworks",
					"@loader_path/Frameworks",
				);
				PRODUCT_BUNDLE_IDENTIFIER = deliin.meng.DesignModeOCTests;
				PRODUCT_NAME = "$(TARGET_NAME)";
				TARGETED_DEVICE_FAMILY = "1,2";
				TEST_HOST = "$(BUILT_PRODUCTS_DIR)/DesignModeOC.app/DesignModeOC";
			};
			name = Debug;
		};
		7BDCD58C26B04E7900789894 /* Release */ = {
			isa = XCBuildConfiguration;
			buildSettings = {
				BUNDLE_LOADER = "$(TEST_HOST)";
				CODE_SIGN_STYLE = Automatic;
				DEVELOPMENT_TEAM = Q5N2E7RPFN;
				INFOPLIST_FILE = DesignModeOCTests/Info.plist;
				IPHONEOS_DEPLOYMENT_TARGET = 14.3;
				LD_RUNPATH_SEARCH_PATHS = (
					"$(inherited)",
					"@executable_path/Frameworks",
					"@loader_path/Frameworks",
				);
				PRODUCT_BUNDLE_IDENTIFIER = deliin.meng.DesignModeOCTests;
				PRODUCT_NAME = "$(TARGET_NAME)";
				TARGETED_DEVICE_FAMILY = "1,2";
				TEST_HOST = "$(BUILT_PRODUCTS_DIR)/DesignModeOC.app/DesignModeOC";
			};
			name = Release;
		};
		7BDCD58E26B04E7900789894 /* Debug */ = {
			isa = XCBuildConfiguration;
			buildSettings = {
				CODE_SIGN_STYLE = Automatic;
				DEVELOPMENT_TEAM = Q5N2E7RPFN;
				INFOPLIST_FILE = DesignModeOCUITests/Info.plist;
				LD_RUNPATH_SEARCH_PATHS = (
					"$(inherited)",
					"@executable_path/Frameworks",
					"@loader_path/Frameworks",
				);
				PRODUCT_BUNDLE_IDENTIFIER = deliin.meng.DesignModeOCUITests;
				PRODUCT_NAME = "$(TARGET_NAME)";
				TARGETED_DEVICE_FAMILY = "1,2";
				TEST_TARGET_NAME = DesignModeOC;
			};
			name = Debug;
		};
		7BDCD58F26B04E7900789894 /* Release */ = {
			isa = XCBuildConfiguration;
			buildSettings = {
				CODE_SIGN_STYLE = Automatic;
				DEVELOPMENT_TEAM = Q5N2E7RPFN;
				INFOPLIST_FILE = DesignModeOCUITests/Info.plist;
				LD_RUNPATH_SEARCH_PATHS = (
					"$(inherited)",
					"@executable_path/Frameworks",
					"@loader_path/Frameworks",
				);
				PRODUCT_BUNDLE_IDENTIFIER = deliin.meng.DesignModeOCUITests;
				PRODUCT_NAME = "$(TARGET_NAME)";
				TARGETED_DEVICE_FAMILY = "1,2";
				TEST_TARGET_NAME = DesignModeOC;
			};
			name = Release;
		};
/* End XCBuildConfiguration section */

/* Begin XCConfigurationList section */
		7BDCD55326B04E7600789894 /* Build configuration list for PBXProject "DesignModeOC" */ = {
			isa = XCConfigurationList;
			buildConfigurations = (
				7BDCD58526B04E7900789894 /* Debug */,
				7BDCD58626B04E7900789894 /* Release */,
			);
			defaultConfigurationIsVisible = 0;
			defaultConfigurationName = Release;
		};
		7BDCD58726B04E7900789894 /* Build configuration list for PBXNativeTarget "DesignModeOC" */ = {
			isa = XCConfigurationList;
			buildConfigurations = (
				7BDCD58826B04E7900789894 /* Debug */,
				7BDCD58926B04E7900789894 /* Release */,
			);
			defaultConfigurationIsVisible = 0;
			defaultConfigurationName = Release;
		};
		7BDCD58A26B04E7900789894 /* Build configuration list for PBXNativeTarget "DesignModeOCTests" */ = {
			isa = XCConfigurationList;
			buildConfigurations = (
				7BDCD58B26B04E7900789894 /* Debug */,
				7BDCD58C26B04E7900789894 /* Release */,
			);
			defaultConfigurationIsVisible = 0;
			defaultConfigurationName = Release;
		};
		7BDCD58D26B04E7900789894 /* Build configuration list for PBXNativeTarget "DesignModeOCUITests" */ = {
			isa = XCConfigurationList;
			buildConfigurations = (
				7BDCD58E26B04E7900789894 /* Debug */,
				7BDCD58F26B04E7900789894 /* Release */,
			);
			defaultConfigurationIsVisible = 0;
			defaultConfigurationName = Release;
		};
/* End XCConfigurationList section */
	};
	rootObject = 7BDCD55026B04E7600789894 /* Project object */;
}
